Microsoft Visual Studio Solution File, Format Version 11.00
# Visual Studio 2008

Project("{59F83861-BE31-4E74-90F5-0421D8CE5911}") = "Imaginationland", "Assembly-CSharp-firstpass.csproj", "{DF7E96DE-DC54-FB88-9296-55B1989FA06F}"
EndProject
Project("{59F83861-BE31-4E74-90F5-0421D8CE5911}") = "Imaginationland", "Assembly-CSharp.csproj", "{10B0DCF3-EA73-C500-C49A-D03A2C84C96F}"
EndProject
Project("{59F83861-BE31-4E74-90F5-0421D8CE5911}") = "Imaginationland", "Assembly-UnityScript-firstpass.unityproj", "{B4271B83-D631-1A06-BE5E-E8DCBDCDACE6}"
EndProject
Project("{59F83861-BE31-4E74-90F5-0421D8CE5911}") = "Imaginationland", "Assembly-UnityScript.unityproj", "{F299430B-99EE-A603-5F5C-7F8218D5E4B8}"
EndProject
Global
	GlobalSection(SolutionConfigurationPlatforms) = preSolution
		Debug|Any CPU = Debug|Any CPU
		Release|Any CPU = Release|Any CPU
	EndGlobalSection
	GlobalSection(ProjectConfigurationPlatforms) = postSolution
		{DF7E96DE-DC54-FB88-9296-55B1989FA06F}.Debug|Any CPU.ActiveCfg = Debug|Any CPU
		{DF7E96DE-DC54-FB88-9296-55B1989FA06F}.Debug|Any CPU.Build.0 = Debug|Any CPU
		{DF7E96DE-DC54-FB88-9296-55B1989FA06F}.Release|Any CPU.ActiveCfg = Release|Any CPU
		{DF7E96DE-DC54-FB88-9296-55B1989FA06F}.Release|Any CPU.Build.0 = Release|Any CPU
		{10B0DCF3-EA73-C500-C49A-D03A2C84C96F}.Debug|Any CPU.ActiveCfg = Debug|Any CPU
		{10B0DCF3-EA73-C500-C49A-D03A2C84C96F}.Debug|Any CPU.Build.0 = Debug|Any CPU
		{10B0DCF3-EA73-C500-C49A-D03A2C84C96F}.Release|Any CPU.ActiveCfg = Release|Any CPU
		{10B0DCF3-EA73-C500-C49A-D03A2C84C96F}.Release|Any CPU.Build.0 = Release|Any CPU
		{B4271B83-D631-1A06-BE5E-E8DCBDCDACE6}.Debug|Any CPU.ActiveCfg = Debug|Any CPU
		{B4271B83-D631-1A06-BE5E-E8DCBDCDACE6}.Debug|Any CPU.Build.0 = Debug|Any CPU
		{B4271B83-D631-1A06-BE5E-E8DCBDCDACE6}.Release|Any CPU.ActiveCfg = Release|Any CPU
		{B4271B83-D631-1A06-BE5E-E8DCBDCDACE6}.Release|Any CPU.Build.0 = Release|Any CPU
		{F299430B-99EE-A603-5F5C-7F8218D5E4B8}.Debug|Any CPU.ActiveCfg = Debug|Any CPU
		{F299430B-99EE-A603-5F5C-7F8218D5E4B8}.Debug|Any CPU.Build.0 = Debug|Any CPU
		{F299430B-99EE-A603-5F5C-7F8218D5E4B8}.Release|Any CPU.ActiveCfg = Release|Any CPU
		{F299430B-99EE-A603-5F5C-7F8218D5E4B8}.Release|Any CPU.Build.0 = Release|Any CPU
	EndGlobalSection
	GlobalSection(SolutionProperties) = preSolution
		HideSolutionNode = FALSE
	EndGlobalSection
											GlobalSection(MonoDevelopProperties) = preSolution
		StartupItem = Assembly-CSharp.csproj
		Policies = $0
		$0.TextStylePolicy = $1
		$1.inheritsSet = null
		$1.scope = text/x-csharp
		$0.CSharpFormattingPolicy = $2
		$2.inheritsSet = Mono
		$2.inheritsScope = text/x-csharp
		$2.scope = text/x-csharp
		$0.TextStylePolicy = $3
		$3.FileWidth = 120
		$3.TabWidth = 4
		$3.EolMarker = Unix
		$3.inheritsSet = Mono
		$3.inheritsScope = text/plain
		$3.scope = text/plain
	EndGlobalSection

EndGlobal
